# This file is automatically @generated by Cargo.
# It is not intended for manual editing.
version = 4

[[package]]
name = "ted-base"
version = "0.1.0"

[[package]]
name = "ted-lb"
version = "0.1.0"

[[package]]
name = "ted-search"
version = "0.1.0"

[[package]]
name = "tree-parsing"
version = "0.1.0"
